
Microsoft Visual Studio Solution File, Format Version 12.00
# Visual Studio 15
VisualStudioVersion = 15.0.27703.2026
MinimumVisualStudioVersion = 10.0.40219.1
Project("{FAE04EC0-301F-11D3-BF4B-00C04F79EFBC}") = "WebApp", "WebApp\WebApp.csproj", "{D5E406ED-CAAB-4136-A029-0934B4C69559}"
EndProject
Global
	GlobalSection(SolutionConfigurationPlatforms) = preSolution
		Debug|Any CPU = Debug|Any CPU
		Release|Any CPU = Release|Any CPU
	EndGlobalSection
	GlobalSection(ProjectConfigurationPlatforms) = postSolution
		{D5E406ED-CAAB-4136-A029-0934B4C69559}.Debug|Any CPU.ActiveCfg = Debug|Any CPU
		{D5E406ED-CAAB-4136-A029-0934B4C69559}.Debug|Any CPU.Build.0 = Debug|Any CPU
		{D5E406ED-CAAB-4136-A029-0934B4C69559}.Release|Any CPU.ActiveCfg = Release|Any CPU
		{D5E406ED-CAAB-4136-A029-0934B4C69559}.Release|Any CPU.Build.0 = Release|Any CPU
	EndGlobalSection
	GlobalSection(SolutionProperties) = preSolution
		HideSolutionNode = FALSE
	EndGlobalSection
	GlobalSection(ExtensibilityGlobals) = postSolution
		SolutionGuid = {A05A6A06-9C13-45A3-90FC-F749A6DB4731}
	EndGlobalSection
EndGlobal
